
Microsoft Visual Studio Solution File, Format Version 11.00
# Visual Studio 2010
Project("{FAE04EC0-301F-11D3-BF4B-00C04F79EFBC}") = "Assembly-CSharp-firstpass", "Assembly-CSharp-firstpass.csproj", "{F9E33F67-8965-AC0A-5682-786916915473}"
EndProject
Project("{FAE04EC0-301F-11D3-BF4B-00C04F79EFBC}") = "Assembly-CSharp", "Assembly-CSharp.csproj", "{1DDDE3DA-71B0-E076-C442-4EF5F28EA559}"
EndProject
Project("{FAE04EC0-301F-11D3-BF4B-00C04F79EFBC}") = "Assembly-CSharp-Editor-firstpass", "Assembly-CSharp-Editor-firstpass.csproj", "{7EDEE245-6F1C-8370-3F10-6042EC0F53A3}"
EndProject
Global
	GlobalSection(SolutionConfigurationPlatforms) = preSolution
		Debug|Any CPU = Debug|Any CPU
		Release|Any CPU = Release|Any CPU
	EndGlobalSection
	GlobalSection(ProjectConfigurationPlatforms) = postSolution
		{F9E33F67-8965-AC0A-5682-786916915473}.Debug|Any CPU.ActiveCfg = Debug|Any CPU
		{F9E33F67-8965-AC0A-5682-786916915473}.Debug|Any CPU.Build.0 = Debug|Any CPU
		{F9E33F67-8965-AC0A-5682-786916915473}.Release|Any CPU.ActiveCfg = Release|Any CPU
		{F9E33F67-8965-AC0A-5682-786916915473}.Release|Any CPU.Build.0 = Release|Any CPU
		{1DDDE3DA-71B0-E076-C442-4EF5F28EA559}.Debug|Any CPU.ActiveCfg = Debug|Any CPU
		{1DDDE3DA-71B0-E076-C442-4EF5F28EA559}.Debug|Any CPU.Build.0 = Debug|Any CPU
		{1DDDE3DA-71B0-E076-C442-4EF5F28EA559}.Release|Any CPU.ActiveCfg = Release|Any CPU
		{1DDDE3DA-71B0-E076-C442-4EF5F28EA559}.Release|Any CPU.Build.0 = Release|Any CPU
		{7EDEE245-6F1C-8370-3F10-6042EC0F53A3}.Debug|Any CPU.ActiveCfg = Debug|Any CPU
		{7EDEE245-6F1C-8370-3F10-6042EC0F53A3}.Debug|Any CPU.Build.0 = Debug|Any CPU
		{7EDEE245-6F1C-8370-3F10-6042EC0F53A3}.Release|Any CPU.ActiveCfg = Release|Any CPU
		{7EDEE245-6F1C-8370-3F10-6042EC0F53A3}.Release|Any CPU.Build.0 = Release|Any CPU
	EndGlobalSection
	GlobalSection(SolutionProperties) = preSolution
		HideSolutionNode = FALSE
	EndGlobalSection
	GlobalSection(MonoDevelopProperties) = preSolution
		StartupItem = Assembly-CSharp.csproj
	EndGlobalSection
EndGlobal
